// !$*UTF8*$!
{
	archiveVersion = 1;
	classes = {
	};
	objectVersion = 50;
	objects = {

/* Begin PBXBuildFile section */
		EBD8585923860921002F99D1 /* AppDelegate.swift in Sources */ = {isa = PBXBuildFile; fileRef = EBD8585823860921002F99D1 /* AppDelegate.swift */; };
		EBD8585B23860921002F99D1 /* SceneDelegate.swift in Sources */ = {isa = PBXBuildFile; fileRef = EBD8585A23860921002F99D1 /* SceneDelegate.swift */; };
		EBD8585D23860921002F99D1 /* ViewController.swift in Sources */ = {isa = PBXBuildFile; fileRef = EBD8585C23860921002F99D1 /* ViewController.swift */; };
		EBD8586023860921002F99D1 /* Main.storyboard in Resources */ = {isa = PBXBuildFile; fileRef = EBD8585E23860921002F99D1 /* Main.storyboard */; };
		EBD8586223860923002F99D1 /* Assets.xcassets in Resources */ = {isa = PBXBuildFile; fileRef = EBD8586123860923002F99D1 /* Assets.xcassets */; };
		EBD8586523860923002F99D1 /* LaunchScreen.storyboard in Resources */ = {isa = PBXBuildFile; fileRef = EBD8586323860923002F99D1 /* LaunchScreen.storyboard */; };
		EBD8586D23861574002F99D1 /* EK_BTS_Model.swift in Sources */ = {isa = PBXBuildFile; fileRef = EBD8586C23861574002F99D1 /* EK_BTS_Model.swift */; };
/* End PBXBuildFile section */

/* Begin PBXFileReference section */
		EBD8585523860921002F99D1 /* Egecan_kahyaoglu_Barrie_Transport_Services.app */ = {isa = PBXFileReference; explicitFileType = wrapper.application; includeInIndex = 0; path = Egecan_kahyaoglu_Barrie_Transport_Services.app; sourceTree = BUILT_PRODUCTS_DIR; };
		EBD8585823860921002F99D1 /* AppDelegate.swift */ = {isa = PBXFileReference; lastKnownFileType = sourcecode.swift; path = AppDelegate.swift; sourceTree = "<group>"; };
		EBD8585A23860921002F99D1 /* SceneDelegate.swift */ = {isa = PBXFileReference; lastKnownFileType = sourcecode.swift; path = SceneDelegate.swift; sourceTree = "<group>"; };
		EBD8585C23860921002F99D1 /* ViewController.swift */ = {isa = PBXFileReference; lastKnownFileType = sourcecode.swift; path = ViewController.swift; sourceTree = "<group>"; };
		EBD8585F23860921002F99D1 /* Base */ = {isa = PBXFileReference; lastKnownFileType = file.storyboard; name = Base; path = Base.lproj/Main.storyboard; sourceTree = "<group>"; };
		EBD8586123860923002F99D1 /* Assets.xcassets */ = {isa = PBXFileReference; lastKnownFileType = folder.assetcatalog; path = Assets.xcassets; sourceTree = "<group>"; };
		EBD8586423860923002F99D1 /* Base */ = {isa = PBXFileReference; lastKnownFileType = file.storyboard; name = Base; path = Base.lproj/LaunchScreen.storyboard; sourceTree = "<group>"; };
		EBD8586623860923002F99D1 /* Info.plist */ = {isa = PBXFileReference; lastKnownFileType = text.plist.xml; path = Info.plist; sourceTree = "<group>"; };
		EBD8586C23861574002F99D1 /* EK_BTS_Model.swift */ = {isa = PBXFileReference; lastKnownFileType = sourcecode.swift; path = EK_BTS_Model.swift; sourceTree = "<group>"; };
/* End PBXFileReference section */

/* Begin PBXFrameworksBuildPhase section */
		EBD8585223860921002F99D1 /* Frameworks */ = {
			isa = PBXFrameworksBuildPhase;
			buildActionMask = 2147483647;
			files = (
			);
			runOnlyForDeploymentPostprocessing = 0;
		};
/* End PBXFrameworksBuildPhase section */

/* Begin PBXGroup section */
		EBD8584C23860921002F99D1 = {
			isa = PBXGroup;
			children = (
				EBD8585723860921002F99D1 /* Egecan_kahyaoglu_Barrie_Transport_Services */,
				EBD8585623860921002F99D1 /* Products */,
			);
			sourceTree = "<group>";
		};
		EBD8585623860921002F99D1 /* Products */ = {
			isa = PBXGroup;
			children = (
				EBD8585523860921002F99D1 /* Egecan_kahyaoglu_Barrie_Transport_Services.app */,
			);
			name = Products;
			sourceTree = "<group>";
		};
		EBD8585723860921002F99D1 /* Egecan_kahyaoglu_Barrie_Transport_Services */ = {
			isa = PBXGroup;
			children = (
				EBD8585823860921002F99D1 /* AppDelegate.swift */,
				EBD8585A23860921002F99D1 /* SceneDelegate.swift */,
				EBD8585C23860921002F99D1 /* ViewController.swift */,
				EBD8585E23860921002F99D1 /* Main.storyboard */,
				EBD8586123860923002F99D1 /* Assets.xcassets */,
				EBD8586323860923002F99D1 /* LaunchScreen.storyboard */,
				EBD8586623860923002F99D1 /* Info.plist */,
				EBD8586C23861574002F99D1 /* EK_BTS_Model.swift */,
			);
			path = Egecan_kahyaoglu_Barrie_Transport_Services;
			sourceTree = "<group>";
		};
/* End PBXGroup section */

/* Begin PBXNativeTarget section */
		EBD8585423860921002F99D1 /* Egecan_kahyaoglu_Barrie_Transport_Services */ = {
			isa = PBXNativeTarget;
			buildConfigurationList = EBD8586923860923002F99D1 /* Build configuration list for PBXNativeTarget "Egecan_kahyaoglu_Barrie_Transport_Services" */;
			buildPhases = (
				EBD8585123860921002F99D1 /* Sources */,
				EBD8585223860921002F99D1 /* Frameworks */,
				EBD8585323860921002F99D1 /* Resources */,
			);
			buildRules = (
			);
			dependencies = (
			);
			name = Egecan_kahyaoglu_Barrie_Transport_Services;
			productName = Egecan_kahyaoglu_Barrie_Transport_Services;
			productReference = EBD8585523860921002F99D1 /* Egecan_kahyaoglu_Barrie_Transport_Services.app */;
			productType = "com.apple.product-type.application";
		};
/* End PBXNativeTarget section */

/* Begin PBXProject section */
		EBD8584D23860921002F99D1 /* Project object */ = {
			isa = PBXProject;
			attributes = {
				LastSwiftUpdateCheck = 1120;
				LastUpgradeCheck = 1120;
				ORGANIZATIONNAME = "Egecan Kahyaoglu";
				TargetAttributes = {
					EBD8585423860921002F99D1 = {
						CreatedOnToolsVersion = 11.2.1;
					};
				};
			};
			buildConfigurationList = EBD8585023860921002F99D1 /* Build configuration list for PBXProject "Egecan_kahyaoglu_Barrie_Transport_Services" */;
			compatibilityVersion = "Xcode 9.3";
			developmentRegion = en;
			hasScannedForEncodings = 0;
			knownRegions = (
				en,
				Base,
			);
			mainGroup = EBD8584C23860921002F99D1;
			productRefGroup = EBD8585623860921002F99D1 /* Products */;
			projectDirPath = "";
			projectRoot = "";
			targets = (
				EBD8585423860921002F99D1 /* Egecan_kahyaoglu_Barrie_Transport_Services */,
			);
		};
/* End PBXProject section */

/* Begin PBXResourcesBuildPhase section */
		EBD8585323860921002F99D1 /* Resources */ = {
			isa = PBXResourcesBuildPhase;
			buildActionMask = 2147483647;
			files = (
				EBD8586523860923002F99D1 /* LaunchScreen.storyboard in Resources */,
				EBD8586223860923002F99D1 /* Assets.xcassets in Resources */,
				EBD8586023860921002F99D1 /* Main.storyboard in Resources */,
			);
			runOnlyForDeploymentPostprocessing = 0;
		};
/* End PBXResourcesBuildPhase section */

/* Begin PBXSourcesBuildPhase section */
		EBD8585123860921002F99D1 /* Sources */ = {
			isa = PBXSourcesBuildPhase;
			buildActionMask = 2147483647;
			files = (
				EBD8585D23860921002F99D1 /* ViewController.swift in Sources */,
				EBD8586D23861574002F99D1 /* EK_BTS_Model.swift in Sources */,
				EBD8585923860921002F99D1 /* AppDelegate.swift in Sources */,
				EBD8585B23860921002F99D1 /* SceneDelegate.swift in Sources */,
			);
			runOnlyForDeploymentPostprocessing = 0;
		};
/* End PBXSourcesBuildPhase section */

/* Begin PBXVariantGroup section */
		EBD8585E23860921002F99D1 /* Main.storyboard */ = {
			isa = PBXVariantGroup;
			children = (
				EBD8585F23860921002F99D1 /* Base */,
			);
			name = Main.storyboard;
			sourceTree = "<group>";
		};
		EBD8586323860923002F99D1 /* LaunchScreen.storyboard */ = {
			isa = PBXVariantGroup;
			children = (
				EBD8586423860923002F99D1 /* Base */,
			);
			name = LaunchScreen.storyboard;
			sourceTree = "<group>";
		};
/* End PBXVariantGroup section */

/* Begin XCBuildConfiguration section */
		EBD8586723860923002F99D1 /* Debug */ = {
			isa = XCBuildConfiguration;
			buildSettings = {
				ALWAYS_SEARCH_USER_PATHS = NO;
				CLANG_ANALYZER_NONNULL = YES;
				CLANG_ANALYZER_NUMBER_OBJECT_CONVERSION = YES_AGGRESSIVE;
				CLANG_CXX_LANGUAGE_STANDARD = "gnu++14";
				CLANG_CXX_LIBRARY = "libc++";
				CLANG_ENABLE_MODULES = YES;
				CLANG_ENABLE_OBJC_ARC = YES;
				CLANG_ENABLE_OBJC_WEAK = YES;
				CLANG_WARN_BLOCK_CAPTURE_AUTORELEASING = YES;
				CLANG_WARN_BOOL_CONVERSION = YES;
				CLANG_WARN_COMMA = YES;
				CLANG_WARN_CONSTANT_CONVERSION = YES;
				CLANG_WARN_DEPRECATED_OBJC_IMPLEMENTATIONS = YES;
				CLANG_WARN_DIRECT_OBJC_ISA_USAGE = YES_ERROR;
				CLANG_WARN_DOCUMENTATION_COMMENTS = YES;
				CLANG_WARN_EMPTY_BODY = YES;
				CLANG_WARN_ENUM_CONVERSION = YES;
				CLANG_WARN_INFINITE_RECURSION = YES;
				CLANG_WARN_INT_CONVERSION = YES;
				CLANG_WARN_NON_LITERAL_NULL_CONVERSION = YES;
				CLANG_WARN_OBJC_IMPLICIT_RETAIN_SELF = YES;
				CLANG_WARN_OBJC_LITERAL_CONVERSION = YES;
				CLANG_WARN_OBJC_ROOT_CLASS = YES_ERROR;
				CLANG_WARN_RANGE_LOOP_ANALYSIS = YES;
				CLANG_WARN_STRICT_PROTOTYPES = YES;
				CLANG_WARN_SUSPICIOUS_MOVE = YES;
				CLANG_WARN_UNGUARDED_AVAILABILITY = YES_AGGRESSIVE;
				CLANG_WARN_UNREACHABLE_CODE = YES;
				CLANG_WARN__DUPLICATE_METHOD_MATCH = YES;
				COPY_PHASE_STRIP = NO;
				DEBUG_INFORMATION_FORMAT = dwarf;
				ENABLE_STRICT_OBJC_MSGSEND = YES;
				ENABLE_TESTABILITY = YES;
				GCC_C_LANGUAGE_STANDARD = gnu11;
				GCC_DYNAMIC_NO_PIC = NO;
				GCC_NO_COMMON_BLOCKS = YES;
				GCC_OPTIMIZATION_LEVEL = 0;
				GCC_PREPROCESSOR_DEFINITIONS = (
					"DEBUG=1",
					"$(inherited)",
				);
				GCC_WARN_64_TO_32_BIT_CONVERSION = YES;
				GCC_WARN_ABOUT_RETURN_TYPE = YES_ERROR;
				GCC_WARN_UNDECLARED_SELECTOR = YES;
				GCC_WARN_UNINITIALIZED_AUTOS = YES_AGGRESSIVE;
				GCC_WARN_UNUSED_FUNCTION = YES;
				GCC_WARN_UNUSED_VARIABLE = YES;
				IPHONEOS_DEPLOYMENT_TARGET = 13.2;
				MTL_ENABLE_DEBUG_INFO = INCLUDE_SOURCE;
				MTL_FAST_MATH = YES;
				ONLY_ACTIVE_ARCH = YES;
				SDKROOT = iphoneos;
				SWIFT_ACTIVE_COMPILATION_CONDITIONS = DEBUG;
				SWIFT_OPTIMIZATION_LEVEL = "-Onone";
			};
			name = Debug;
		};
		EBD8586823860923002F99D1 /* Release */ = {
			isa = XCBuildConfiguration;
			buildSettings = {
				ALWAYS_SEARCH_USER_PATHS = NO;
				CLANG_ANALYZER_NONNULL = YES;
				CLANG_ANALYZER_NUMBER_OBJECT_CONVERSION = YES_AGGRESSIVE;
				CLANG_CXX_LANGUAGE_STANDARD = "gnu++14";
				CLANG_CXX_LIBRARY = "libc++";
				CLANG_ENABLE_MODULES = YES;
				CLANG_ENABLE_OBJC_ARC = YES;
				CLANG_ENABLE_OBJC_WEAK = YES;
				CLANG_WARN_BLOCK_CAPTURE_AUTORELEASING = YES;
				CLANG_WARN_BOOL_CONVERSION = YES;
				CLANG_WARN_COMMA = YES;
				CLANG_WARN_CONSTANT_CONVERSION = YES;
				CLANG_WARN_DEPRECATED_OBJC_IMPLEMENTATIONS = YES;
				CLANG_WARN_DIRECT_OBJC_ISA_USAGE = YES_ERROR;
				CLANG_WARN_DOCUMENTATION_COMMENTS = YES;
				CLANG_WARN_EMPTY_BODY = YES;
				CLANG_WARN_ENUM_CONVERSION = YES;
				CLANG_WARN_INFINITE_RECURSION = YES;
				CLANG_WARN_INT_CONVERSION = YES;
				CLANG_WARN_NON_LITERAL_NULL_CONVERSION = YES;
				CLANG_WARN_OBJC_IMPLICIT_RETAIN_SELF = YES;
				CLANG_WARN_OBJC_LITERAL_CONVERSION = YES;
				CLANG_WARN_OBJC_ROOT_CLASS = YES_ERROR;
				CLANG_WARN_RANGE_LOOP_ANALYSIS = YES;
				CLANG_WARN_STRICT_PROTOTYPES = YES;
				CLANG_WARN_SUSPICIOUS_MOVE = YES;
				CLANG_WARN_UNGUARDED_AVAILABILITY = YES_AGGRESSIVE;
				CLANG_WARN_UNREACHABLE_CODE = YES;
				CLANG_WARN__DUPLICATE_METHOD_MATCH = YES;
				COPY_PHASE_STRIP = NO;
				DEBUG_INFORMATION_FORMAT = "dwarf-with-dsym";
				ENABLE_NS_ASSERTIONS = NO;
				ENABLE_STRICT_OBJC_MSGSEND = YES;
				GCC_C_LANGUAGE_STANDARD = gnu11;
				GCC_NO_COMMON_BLOCKS = YES;
				GCC_WARN_64_TO_32_BIT_CONVERSION = YES;
				GCC_WARN_ABOUT_RETURN_TYPE = YES_ERROR;
				GCC_WARN_UNDECLARED_SELECTOR = YES;
				GCC_WARN_UNINITIALIZED_AUTOS = YES_AGGRESSIVE;
				GCC_WARN_UNUSED_FUNCTION = YES;
				GCC_WARN_UNUSED_VARIABLE = YES;
				IPHONEOS_DEPLOYMENT_TARGET = 13.2;
				MTL_ENABLE_DEBUG_INFO = NO;
				MTL_FAST_MATH = YES;
				SDKROOT = iphoneos;
				SWIFT_COMPILATION_MODE = wholemodule;
				SWIFT_OPTIMIZATION_LEVEL = "-O";
				VALIDATE_PRODUCT = YES;
			};
			name = Release;
		};
		EBD8586A23860923002F99D1 /* Debug */ = {
			isa = XCBuildConfiguration;
			buildSettings = {
				ASSETCATALOG_COMPILER_APPICON_NAME = AppIcon;
				CODE_SIGN_STYLE = Automatic;
				INFOPLIST_FILE = Egecan_kahyaoglu_Barrie_Transport_Services/Info.plist;
				LD_RUNPATH_SEARCH_PATHS = (
					"$(inherited)",
					"@executable_path/Frameworks",
				);
				PRODUCT_BUNDLE_IDENTIFIER = "EK.Egecan-kahyaoglu-Barrie-Transport-Services";
				PRODUCT_NAME = "$(TARGET_NAME)";
				SWIFT_VERSION = 5.0;
				TARGETED_DEVICE_FAMILY = "1,2";
			};
			name = Debug;
		};
		EBD8586B23860923002F99D1 /* Release */ = {
			isa = XCBuildConfiguration;
			buildSettings = {
				ASSETCATALOG_COMPILER_APPICON_NAME = AppIcon;
				CODE_SIGN_STYLE = Automatic;
				INFOPLIST_FILE = Egecan_kahyaoglu_Barrie_Transport_Services/Info.plist;
				LD_RUNPATH_SEARCH_PATHS = (
					"$(inherited)",
					"@executable_path/Frameworks",
				);
				PRODUCT_BUNDLE_IDENTIFIER = "EK.Egecan-kahyaoglu-Barrie-Transport-Services";
				PRODUCT_NAME = "$(TARGET_NAME)";
				SWIFT_VERSION = 5.0;
				TARGETED_DEVICE_FAMILY = "1,2";
			};
			name = Release;
		};
/* End XCBuildConfiguration section */

/* Begin XCConfigurationList section */
		EBD8585023860921002F99D1 /* Build configuration list for PBXProject "Egecan_kahyaoglu_Barrie_Transport_Services" */ = {
			isa = XCConfigurationList;
			buildConfigurations = (
				EBD8586723860923002F99D1 /* Debug */,
				EBD8586823860923002F99D1 /* Release */,
			);
			defaultConfigurationIsVisible = 0;
			defaultConfigurationName = Release;
		};
		EBD8586923860923002F99D1 /* Build configuration list for PBXNativeTarget "Egecan_kahyaoglu_Barrie_Transport_Services" */ = {
			isa = XCConfigurationList;
			buildConfigurations = (
				EBD8586A23860923002F99D1 /* Debug */,
				EBD8586B23860923002F99D1 /* Release */,
			);
			defaultConfigurationIsVisible = 0;
			defaultConfigurationName = Release;
		};
/* End XCConfigurationList section */
	};
	rootObject = EBD8584D23860921002F99D1 /* Project object */;
}
